{
  "lockfileVersion": 1,
  "configVersion": 0,
  "workspaces": {
    "": {
      "name": "retropixels",
      "devDependencies": {
        "@biomejs/biome": "2.3.6",
        "@webgpu/types": "^0.1.66",
        "typescript": "^5.9.3",
        "vite": "^7.2.2",
        "vite-tsconfig-paths": "^5.1.4",
        "vitest": "^4.0.13",
      },
    },
  },
  "packages": {
    "@biomejs/biome": ["@biomejs/biome@2.3.6", "", { "optionalDependencies": { "@biomejs/cli-darwin-arm64": "2.3.6", "@biomejs/cli-darwin-x64": "2.3.6", "@biomejs/cli-linux-arm64": "2.3.6", "@biomejs/cli-linux-arm64-musl": "2.3.6", "@biomejs/cli-linux-x64": "2.3.6", "@biomejs/cli-linux-x64-musl": "2.3.6", "@biomejs/cli-win32-arm64": "2.3.6", "@biomejs/cli-win32-x64": "2.3.6" }, "bin": { "biome": "bin/biome" } }, ""],

    "@biomejs/cli-darwin-arm64": ["@biomejs/cli-darwin-arm64@2.3.6", "", { "os": "darwin", "cpu": "arm64" }, ""],

    "@biomejs/cli-darwin-x64": ["@biomejs/cli-darwin-x64@2.3.6", "", { "os": "darwin", "cpu": "x64" }, "sha512-I4rTebj+F/L9K93IU7yTFs8nQ6EhaCOivxduRha4w4WEZK80yoZ8OAdR1F33m4yJ/NfUuTUbP/Wjs+vKjlCoWA=="],

    "@biomejs/cli-linux-arm64": ["@biomejs/cli-linux-arm64@2.3.6", "", { "os": "linux", "cpu": "arm64" }, "sha512-JjYy83eVBnvuINZiqyFO7xx72v8Srh4hsgaacSBCjC22DwM6+ZvnX1/fj8/SBiLuUOfZ8YhU2pfq2Dzakeyg1A=="],

    "@biomejs/cli-linux-arm64-musl": ["@biomejs/cli-linux-arm64-musl@2.3.6", "", { "os": "linux", "cpu": "arm64" }, "sha512-oK1NpIXIixbJ/4Tcx40cwiieqah6rRUtMGOHDeK2ToT7yUFVEvXUGRKqH0O4hqZ9tW8TcXNZKfgRH6xrsjVtGg=="],

    "@biomejs/cli-linux-x64": ["@biomejs/cli-linux-x64@2.3.6", "", { "os": "linux", "cpu": "x64" }, "sha512-ZjPXzy5yN9wusIoX+8Zp4p6cL8r0NzJCXg/4r1KLVveIPXd2jKVlqZ6ZyzEq385WwU3OX5KOwQYLQsOc788waQ=="],

    "@biomejs/cli-linux-x64-musl": ["@biomejs/cli-linux-x64-musl@2.3.6", "", { "os": "linux", "cpu": "x64" }, "sha512-QvxB8GHQeaO4FCtwJpJjCgJkbHBbWxRHUxQlod+xeaYE6gtJdSkYkuxdKAQUZEOIsec+PeaDAhW9xjzYbwmOFA=="],

    "@biomejs/cli-win32-arm64": ["@biomejs/cli-win32-arm64@2.3.6", "", { "os": "win32", "cpu": "arm64" }, "sha512-YM7hLHpwjdt8R7+O2zS1Vo2cKgqEeptiXB1tWW1rgjN5LlpZovBVKtg7zfwfRrFx3i08aNZThYpTcowpTlczug=="],

    "@biomejs/cli-win32-x64": ["@biomejs/cli-win32-x64@2.3.6", "", { "os": "win32", "cpu": "x64" }, "sha512-psgNEYgMAobY5h+QHRBVR9xvg2KocFuBKm6axZWB/aD12NWhQjiVFQUjV6wMXhlH4iT0Q9c3yK5JFRiDC/rzHA=="],

    "@esbuild/darwin-arm64": ["@esbuild/darwin-arm64@0.25.12", "", { "os": "darwin", "cpu": "arm64" }, ""],

    "@jridgewell/sourcemap-codec": ["@jridgewell/sourcemap-codec@1.5.5", "", {}, ""],

    "@rollup/rollup-darwin-arm64": ["@rollup/rollup-darwin-arm64@4.53.3", "", { "os": "darwin", "cpu": "arm64" }, ""],

    "@standard-schema/spec": ["@standard-schema/spec@1.0.0", "", {}, ""],

    "@types/chai": ["@types/chai@5.2.3", "", { "dependencies": { "@types/deep-eql": "*", "assertion-error": "^2.0.1" } }, ""],

    "@types/deep-eql": ["@types/deep-eql@4.0.2", "", {}, ""],

    "@types/estree": ["@types/estree@1.0.8", "", {}, ""],

    "@vitest/expect": ["@vitest/expect@4.0.13", "", { "dependencies": { "@standard-schema/spec": "^1.0.0", "@types/chai": "^5.2.2", "@vitest/spy": "4.0.13", "@vitest/utils": "4.0.13", "chai": "^6.2.1", "tinyrainbow": "^3.0.3" } }, "sha512-zYtcnNIBm6yS7Gpr7nFTmq8ncowlMdOJkWLqYvhr/zweY6tFbDkDi8BPPOeHxEtK1rSI69H7Fd4+1sqvEGli6w=="],

    "@vitest/mocker": ["@vitest/mocker@4.0.13", "", { "dependencies": { "@vitest/spy": "4.0.13", "estree-walker": "^3.0.3", "magic-string": "^0.30.21" }, "peerDependencies": { "msw": "^2.4.9", "vite": "^6.0.0 || ^7.0.0-0" }, "optionalPeers": ["msw"] }, "sha512-eNCwzrI5djoauklwP1fuslHBjrbR8rqIVbvNlAnkq1OTa6XT+lX68mrtPirNM9TnR69XUPt4puBCx2Wexseylg=="],

    "@vitest/pretty-format": ["@vitest/pretty-format@4.0.13", "", { "dependencies": { "tinyrainbow": "^3.0.3" } }, "sha512-ooqfze8URWbI2ozOeLDMh8YZxWDpGXoeY3VOgcDnsUxN0jPyPWSUvjPQWqDGCBks+opWlN1E4oP1UYl3C/2EQA=="],

    "@vitest/runner": ["@vitest/runner@4.0.13", "", { "dependencies": { "@vitest/utils": "4.0.13", "pathe": "^2.0.3" } }, "sha512-9IKlAru58wcVaWy7hz6qWPb2QzJTKt+IOVKjAx5vb5rzEFPTL6H4/R9BMvjZ2ppkxKgTrFONEJFtzvnyEpiT+A=="],

    "@vitest/snapshot": ["@vitest/snapshot@4.0.13", "", { "dependencies": { "@vitest/pretty-format": "4.0.13", "magic-string": "^0.30.21", "pathe": "^2.0.3" } }, "sha512-hb7Usvyika1huG6G6l191qu1urNPsq1iFc2hmdzQY3F5/rTgqQnwwplyf8zoYHkpt7H6rw5UfIw6i/3qf9oSxQ=="],

    "@vitest/spy": ["@vitest/spy@4.0.13", "", {}, "sha512-hSu+m4se0lDV5yVIcNWqjuncrmBgwaXa2utFLIrBkQCQkt+pSwyZTPFQAZiiF/63j8jYa8uAeUZ3RSfcdWaYWw=="],

    "@vitest/utils": ["@vitest/utils@4.0.13", "", { "dependencies": { "@vitest/pretty-format": "4.0.13", "tinyrainbow": "^3.0.3" } }, "sha512-ydozWyQ4LZuu8rLp47xFUWis5VOKMdHjXCWhs1LuJsTNKww+pTHQNK4e0assIB9K80TxFyskENL6vCu3j34EYA=="],

    "@webgpu/types": ["@webgpu/types@0.1.66", "", {}, ""],

    "assertion-error": ["assertion-error@2.0.1", "", {}, ""],

    "chai": ["chai@6.2.1", "", {}, ""],

    "debug": ["debug@4.4.3", "", { "dependencies": { "ms": "^2.1.3" } }, ""],

    "es-module-lexer": ["es-module-lexer@1.7.0", "", {}, ""],

    "esbuild": ["esbuild@0.25.12", "", { "optionalDependencies": { "@esbuild/darwin-arm64": "0.25.12" }, "bin": "bin/esbuild" }, ""],

    "estree-walker": ["estree-walker@3.0.3", "", { "dependencies": { "@types/estree": "^1.0.0" } }, ""],

    "expect-type": ["expect-type@1.2.2", "", {}, ""],

    "fdir": ["fdir@6.5.0", "", { "peerDependencies": { "picomatch": "^3 || ^4" } }, ""],

    "fsevents": ["fsevents@2.3.3", "", { "os": "darwin" }, ""],

    "globrex": ["globrex@0.1.2", "", {}, ""],

    "magic-string": ["magic-string@0.30.21", "", { "dependencies": { "@jridgewell/sourcemap-codec": "^1.5.5" } }, ""],

    "ms": ["ms@2.1.3", "", {}, ""],

    "nanoid": ["nanoid@3.3.11", "", { "bin": "bin/nanoid.cjs" }, ""],

    "pathe": ["pathe@2.0.3", "", {}, ""],

    "picocolors": ["picocolors@1.1.1", "", {}, ""],

    "picomatch": ["picomatch@4.0.3", "", {}, ""],

    "postcss": ["postcss@8.5.6", "", { "dependencies": { "nanoid": "^3.3.11", "picocolors": "^1.1.1", "source-map-js": "^1.2.1" } }, ""],

    "rollup": ["rollup@4.53.3", "", { "dependencies": { "@types/estree": "1.0.8" }, "optionalDependencies": { "@rollup/rollup-darwin-arm64": "4.53.3", "fsevents": "~2.3.2" }, "bin": "dist/bin/rollup" }, ""],

    "siginfo": ["siginfo@2.0.0", "", {}, ""],

    "source-map-js": ["source-map-js@1.2.1", "", {}, ""],

    "stackback": ["stackback@0.0.2", "", {}, ""],

    "std-env": ["std-env@3.10.0", "", {}, ""],

    "tinybench": ["tinybench@2.9.0", "", {}, ""],

    "tinyexec": ["tinyexec@0.3.2", "", {}, ""],

    "tinyglobby": ["tinyglobby@0.2.15", "", { "dependencies": { "fdir": "^6.5.0", "picomatch": "^4.0.3" } }, ""],

    "tinyrainbow": ["tinyrainbow@3.0.3", "", {}, ""],

    "tsconfck": ["tsconfck@3.1.6", "", { "peerDependencies": { "typescript": "^5.0.0" }, "bin": "bin/tsconfck.js" }, ""],

    "typescript": ["typescript@5.9.3", "", { "bin": { "tsc": "bin/tsc", "tsserver": "bin/tsserver" } }, ""],

    "vite": ["vite@7.2.4", "", { "dependencies": { "esbuild": "^0.25.0", "fdir": "^6.5.0", "picomatch": "^4.0.3", "postcss": "^8.5.6", "rollup": "^4.43.0", "tinyglobby": "^0.2.15" }, "optionalDependencies": { "fsevents": "~2.3.3" }, "peerDependencies": { "@types/node": "^20.19.0 || >=22.12.0", "jiti": ">=1.21.0", "less": "^4.0.0", "lightningcss": "^1.21.0", "sass": "^1.70.0", "sass-embedded": "^1.70.0", "stylus": ">=0.54.8", "sugarss": "^5.0.0", "terser": "^5.16.0", "tsx": "^4.8.1", "yaml": "^2.4.2" }, "optionalPeers": ["@types/node", "jiti", "less", "lightningcss", "sass", "sass-embedded", "stylus", "sugarss", "terser", "tsx", "yaml"], "bin": "bin/vite.js" }, "sha512-NL8jTlbo0Tn4dUEXEsUg8KeyG/Lkmc4Fnzb8JXN/Ykm9G4HNImjtABMJgkQoVjOBN/j2WAwDTRytdqJbZsah7w=="],

    "vite-tsconfig-paths": ["vite-tsconfig-paths@5.1.4", "", { "dependencies": { "debug": "^4.1.1", "globrex": "^0.1.2", "tsconfck": "^3.0.3" }, "peerDependencies": { "vite": "*" } }, ""],

    "vitest": ["vitest@4.0.13", "", { "dependencies": { "@vitest/expect": "4.0.13", "@vitest/mocker": "4.0.13", "@vitest/pretty-format": "4.0.13", "@vitest/runner": "4.0.13", "@vitest/snapshot": "4.0.13", "@vitest/spy": "4.0.13", "@vitest/utils": "4.0.13", "debug": "^4.4.3", "es-module-lexer": "^1.7.0", "expect-type": "^1.2.2", "magic-string": "^0.30.21", "pathe": "^2.0.3", "picomatch": "^4.0.3", "std-env": "^3.10.0", "tinybench": "^2.9.0", "tinyexec": "^0.3.2", "tinyglobby": "^0.2.15", "tinyrainbow": "^3.0.3", "vite": "^6.0.0 || ^7.0.0", "why-is-node-running": "^2.3.0" }, "peerDependencies": { "@edge-runtime/vm": "*", "@opentelemetry/api": "^1.9.0", "@types/debug": "^4.1.12", "@types/node": "^20.0.0 || ^22.0.0 || >=24.0.0", "@vitest/browser-playwright": "4.0.13", "@vitest/browser-preview": "4.0.13", "@vitest/browser-webdriverio": "4.0.13", "@vitest/ui": "4.0.13", "happy-dom": "*", "jsdom": "*" }, "optionalPeers": ["@edge-runtime/vm", "@opentelemetry/api", "@types/debug", "@types/node", "@vitest/browser-playwright", "@vitest/browser-preview", "@vitest/browser-webdriverio", "@vitest/ui", "happy-dom", "jsdom"], "bin": "vitest.mjs" }, "sha512-QSD4I0fN6uZQfftryIXuqvqgBxTvJ3ZNkF6RWECd82YGAYAfhcppBLFXzXJHQAAhVFyYEuFTrq6h0hQqjB7jIQ=="],

    "why-is-node-running": ["why-is-node-running@2.3.0", "", { "dependencies": { "siginfo": "^2.0.0", "stackback": "0.0.2" }, "bin": "cli.js" }, ""],
  }
}
